{
  "name": "@omsureja/reachout",
  "version": "1.1.2",
  "lockfileVersion": 3,
  "requires": true,
  "packages": {
    "": {
      "name": "@omsureja/reachout",
      "version": "1.1.2",
      "license": "ISC",
      "dependencies": {
        "@omsureja/reachout": "^1.1.2",
        "zod": "^3.24.1"
      },
      "devDependencies": {
        "typescript": "^5.7.3"
      }
    },
    "node_modules/@omsureja/reachout": {
      "version": "1.1.2",
      "resolved": "https://registry.npmjs.org/@omsureja/reachout/-/reachout-1.1.2.tgz",
      "integrity": "sha512-Dv4zISjanjVinrpwT36xN8PDltTe0ksuhxM/chfh7QbrZ1DLzGBp9mkkG51vVLu/DZiNI9gwCMX7zq5ygZyzUQ==",
      "license": "ISC",
      "dependencies": {
        "zod": "^3.24.1"
      }
    },
    "node_modules/typescript": {
      "version": "5.7.3",
      "resolved": "https://registry.npmjs.org/typescript/-/typescript-5.7.3.tgz",
      "integrity": "sha512-84MVSjMEHP+FQRPy3pX9sTVV/INIex71s9TL2Gm5FG/WG1SqXeKyZ0k7/blY/4FdOzI12CBy1vGc4og/eus0fw==",
      "dev": true,
      "license": "Apache-2.0",
      "bin": {
        "tsc": "bin/tsc",
        "tsserver": "bin/tsserver"
      },
      "engines": {
        "node": ">=14.17"
      }
    },
    "node_modules/zod": {
      "version": "3.24.1",
      "resolved": "https://registry.npmjs.org/zod/-/zod-3.24.1.tgz",
      "integrity": "sha512-muH7gBL9sI1nciMZV67X5fTKKBLtwpZ5VBp1vsOQzj1MhrBZ4wlVCm3gedKZWLp0Oyel8sIGfeiz54Su+OVT+A==",
      "license": "MIT",
      "funding": {
        "url": "https://github.com/sponsors/colinhacks"
      }
    }
  }
}
